<?xml version="1.0" encoding="utf-8"?>
<Project ToolsVersion="4.0" xmlns="http://schemas.microsoft.com/developer/msbuild/2003">
  <ItemGroup>
    <Filter Include="资源文件">
      <UniqueIdentifier>{67DA6AB6-F800-4c08-8B7A-83BB121AAD01}</UniqueIdentifier>
      <Extensions>rc;ico;cur;bmp;dlg;rc2;rct;bin;rgs;gif;jpg;jpeg;jpe;resx;tiff;tif;png;wav;mfcribbon-ms</Extensions>
    </Filter>
    <Filter Include="src">
      <UniqueIdentifier>{4FC737F1-C7A5-4376-A066-2A32D752A2FF}</UniqueIdentifier>
      <Extensions>cpp;c;cc;cxx;def;odl;idl;hpj;bat;asm;asmx</Extensions>
    </Filter>
    <Filter Include="src\shader">
      <UniqueIdentifier>{08a273cd-5613-4b62-be0a-8ca6026c2c38}</UniqueIdentifier>
    </Filter>
    <Filter Include="src\data">
      <UniqueIdentifier>{38deb10d-acff-4255-a642-8b4040a93e46}</UniqueIdentifier>
    </Filter>
    <Filter Include="src\fliter">
      <UniqueIdentifier>{bee48974-3a24-45b4-a569-dc455b316e0d}</UniqueIdentifier>
    </Filter>
    <Filter Include="src\tool">
      <UniqueIdentifier>{3519dbfb-b0ea-4abb-a252-6d3d31eadbb7}</UniqueIdentifier>
    </Filter>
  </ItemGroup>
  <ItemGroup>
    <ClCompile Include="src\main.cpp">
      <Filter>src</Filter>
    </ClCompile>
    <ClCompile Include="src\texture.cpp">
      <Filter>src</Filter>
    </ClCompile>
    <ClCompile Include="src\MDrawColorBox.cpp">
      <Filter>src</Filter>
    </ClCompile>
    <ClCompile Include="src\MDrawTextureBox.cpp">
      <Filter>src</Filter>
    </ClCompile>
    <ClCompile Include="src\MActionSimple.cpp">
      <Filter>src</Filter>
    </ClCompile>
    <ClCompile Include="src\LuaConfig.cpp">
      <Filter>src</Filter>
    </ClCompile>
    <ClCompile Include="src\GLShaderProgram.cpp">
      <Filter>src</Filter>
    </ClCompile>
    <ClCompile Include="src\GLShaderProgramMgr.cpp">
      <Filter>src</Filter>
    </ClCompile>
    <ClCompile Include="src\GLSprite.cpp">
      <Filter>src</Filter>
    </ClCompile>
    <ClCompile Include="src\shader\shader.cpp">
      <Filter>src\shader</Filter>
    </ClCompile>
    <ClCompile Include="src\data\pic.cpp">
      <Filter>src\data</Filter>
    </ClCompile>
    <ClCompile Include="src\data\pic_2.cpp">
      <Filter>src\data</Filter>
    </ClCompile>
    <ClCompile Include="src\data\pic_sb.cpp">
      <Filter>src\data</Filter>
    </ClCompile>
    <ClCompile Include="src\Sprite.cpp">
      <Filter>src</Filter>
    </ClCompile>
    <ClCompile Include="src\fliter\GLFilterMgr.cpp">
      <Filter>src\fliter</Filter>
    </ClCompile>
    <ClCompile Include="src\fliter\GLFilter.cpp">
      <Filter>src\fliter</Filter>
    </ClCompile>
    <ClCompile Include="src\data\MImage.cpp">
      <Filter>src\data</Filter>
    </ClCompile>
    <ClCompile Include="src\GLDraw.cpp">
      <Filter>src</Filter>
    </ClCompile>
    <ClCompile Include="src\MDirector.cpp">
      <Filter>src</Filter>
    </ClCompile>
  </ItemGroup>
  <ItemGroup>
    <ClInclude Include="src\texture.hpp">
      <Filter>src</Filter>
    </ClInclude>
    <ClInclude Include="src\MGraphicsProtocol.h">
      <Filter>src</Filter>
    </ClInclude>
    <ClInclude Include="src\MDrawColorBox.h">
      <Filter>src</Filter>
    </ClInclude>
    <ClInclude Include="src\MDrawTextureBox.h">
      <Filter>src</Filter>
    </ClInclude>
    <ClInclude Include="src\MObjActionProtocol.h">
      <Filter>src</Filter>
    </ClInclude>
    <ClInclude Include="src\MActionSimple.h">
      <Filter>src</Filter>
    </ClInclude>
    <ClInclude Include="src\LuaConfig.h">
      <Filter>src</Filter>
    </ClInclude>
    <ClInclude Include="src\GLShaderProgram.h">
      <Filter>src</Filter>
    </ClInclude>
    <ClInclude Include="src\GLShaderProgramMgr.h">
      <Filter>src</Filter>
    </ClInclude>
    <ClInclude Include="src\GLSprite.h">
      <Filter>src</Filter>
    </ClInclude>
    <ClInclude Include="src\shader\shader.h">
      <Filter>src\shader</Filter>
    </ClInclude>
    <ClInclude Include="src\shader\shader_color_frag.h">
      <Filter>src\shader</Filter>
    </ClInclude>
    <ClInclude Include="src\shader\shader_color_vertex.h">
      <Filter>src\shader</Filter>
    </ClInclude>
    <ClInclude Include="src\shader\shader_texture_blur_frag.h">
      <Filter>src\shader</Filter>
    </ClInclude>
    <ClInclude Include="src\shader\shader_texture_frag.h">
      <Filter>src\shader</Filter>
    </ClInclude>
    <ClInclude Include="src\shader\shader_texture_gray_frag.h">
      <Filter>src\shader</Filter>
    </ClInclude>
    <ClInclude Include="src\shader\shader_texture_spark_frag.h">
      <Filter>src\shader</Filter>
    </ClInclude>
    <ClInclude Include="src\shader\shader_texture_vertex.h">
      <Filter>src\shader</Filter>
    </ClInclude>
    <ClInclude Include="src\data\pic.h">
      <Filter>src\data</Filter>
    </ClInclude>
    <ClInclude Include="src\Sprite.h">
      <Filter>src</Filter>
    </ClInclude>
    <ClInclude Include="src\fliter\GLFilter.h">
      <Filter>src\fliter</Filter>
    </ClInclude>
    <ClInclude Include="src\fliter\GLFilterMgr.h">
      <Filter>src\fliter</Filter>
    </ClInclude>
    <ClInclude Include="src\data\MImage.h">
      <Filter>src\data</Filter>
    </ClInclude>
    <ClInclude Include="src\GLDraw.h">
      <Filter>src</Filter>
    </ClInclude>
    <ClInclude Include="src\shader\shader_color_draw_vertex.h">
      <Filter>src\shader</Filter>
    </ClInclude>
    <ClInclude Include="src\MDirector.h">
      <Filter>src</Filter>
    </ClInclude>
    <ClInclude Include="src\tool\MSingleton.h">
      <Filter>src\tool</Filter>
    </ClInclude>
    <ClInclude Include="shader_texture_uv_animation_frag.h">
      <Filter>src\shader</Filter>
    </ClInclude>
  </ItemGroup>
</Project>